
Microsoft Visual Studio Solution File, Format Version 12.00
# Visual Studio Version 16
VisualStudioVersion = 16.0.32510.428
MinimumVisualStudioVersion = 10.0.40219.1
Project("{9A19103F-16F7-4668-BE54-9A1E7A4F7556}") = "EmguCVPractice12-18-23", "EmguCVPractice12-18-23\EmguCVPractice12-18-23.csproj", "{3CAFE60D-8921-4ED9-9064-15C4369E4815}"
EndProject
Project("{9A19103F-16F7-4668-BE54-9A1E7A4F7556}") = "PingPongCV", "PingPongCV\PingPongCV.csproj", "{F7F1A28C-4034-4D10-8AF3-DA229F690856}"
EndProject
Project("{9A19103F-16F7-4668-BE54-9A1E7A4F7556}") = "SpotTheDifference", "SpotTheDifference\SpotTheDifference.csproj", "{5F615855-8D7A-4BF1-A955-950E42FD268B}"
EndProject
Project("{9A19103F-16F7-4668-BE54-9A1E7A4F7556}") = "ScannerAndTransformations", "ScannerAndTransformations\ScannerAndTransformations.csproj", "{12F7BD93-DF43-4259-9EEB-D90C68ED358D}"
EndProject
Project("{FAE04EC0-301F-11D3-BF4B-00C04F79EFBC}") = "Platformer", "Platformer\Platformer.csproj", "{DFEEAC4A-4592-4FA4-B5A6-D9D9D7B1A9F7}"
EndProject
Global
	GlobalSection(SolutionConfigurationPlatforms) = preSolution
		Debug|Any CPU = Debug|Any CPU
		Release|Any CPU = Release|Any CPU
	EndGlobalSection
	GlobalSection(ProjectConfigurationPlatforms) = postSolution
		{3CAFE60D-8921-4ED9-9064-15C4369E4815}.Debug|Any CPU.ActiveCfg = Debug|Any CPU
		{3CAFE60D-8921-4ED9-9064-15C4369E4815}.Debug|Any CPU.Build.0 = Debug|Any CPU
		{3CAFE60D-8921-4ED9-9064-15C4369E4815}.Release|Any CPU.ActiveCfg = Release|Any CPU
		{3CAFE60D-8921-4ED9-9064-15C4369E4815}.Release|Any CPU.Build.0 = Release|Any CPU
		{F7F1A28C-4034-4D10-8AF3-DA229F690856}.Debug|Any CPU.ActiveCfg = Debug|Any CPU
		{F7F1A28C-4034-4D10-8AF3-DA229F690856}.Debug|Any CPU.Build.0 = Debug|Any CPU
		{F7F1A28C-4034-4D10-8AF3-DA229F690856}.Release|Any CPU.ActiveCfg = Release|Any CPU
		{F7F1A28C-4034-4D10-8AF3-DA229F690856}.Release|Any CPU.Build.0 = Release|Any CPU
		{5F615855-8D7A-4BF1-A955-950E42FD268B}.Debug|Any CPU.ActiveCfg = Debug|Any CPU
		{5F615855-8D7A-4BF1-A955-950E42FD268B}.Debug|Any CPU.Build.0 = Debug|Any CPU
		{5F615855-8D7A-4BF1-A955-950E42FD268B}.Release|Any CPU.ActiveCfg = Release|Any CPU
		{5F615855-8D7A-4BF1-A955-950E42FD268B}.Release|Any CPU.Build.0 = Release|Any CPU
		{12F7BD93-DF43-4259-9EEB-D90C68ED358D}.Debug|Any CPU.ActiveCfg = Debug|Any CPU
		{12F7BD93-DF43-4259-9EEB-D90C68ED358D}.Debug|Any CPU.Build.0 = Debug|Any CPU
		{12F7BD93-DF43-4259-9EEB-D90C68ED358D}.Release|Any CPU.ActiveCfg = Release|Any CPU
		{12F7BD93-DF43-4259-9EEB-D90C68ED358D}.Release|Any CPU.Build.0 = Release|Any CPU
		{DFEEAC4A-4592-4FA4-B5A6-D9D9D7B1A9F7}.Debug|Any CPU.ActiveCfg = Debug|Any CPU
		{DFEEAC4A-4592-4FA4-B5A6-D9D9D7B1A9F7}.Debug|Any CPU.Build.0 = Debug|Any CPU
		{DFEEAC4A-4592-4FA4-B5A6-D9D9D7B1A9F7}.Release|Any CPU.ActiveCfg = Release|Any CPU
		{DFEEAC4A-4592-4FA4-B5A6-D9D9D7B1A9F7}.Release|Any CPU.Build.0 = Release|Any CPU
	EndGlobalSection
	GlobalSection(SolutionProperties) = preSolution
		HideSolutionNode = FALSE
	EndGlobalSection
	GlobalSection(ExtensibilityGlobals) = postSolution
		SolutionGuid = {5DEAB45C-1271-4232-889B-EE9A73647291}
	EndGlobalSection
EndGlobal
